
Microsoft Visual Studio Solution File, Format Version 12.00
# Visual Studio Version 17
VisualStudioVersion = 17.8.34511.84
MinimumVisualStudioVersion = 10.0.40219.1
Project("{9A19103F-16F7-4668-BE54-9A1E7A4F7556}") = "1. Cinema", "1. Cinema\1. Cinema.csproj", "{FE777F8B-C422-44C1-91FF-5EAADB72BA93}"
EndProject
Project("{9A19103F-16F7-4668-BE54-9A1E7A4F7556}") = "2. Summer Outfit", "2. Summer Outfit\2. Summer Outfit.csproj", "{18DF4157-386C-4889-AA07-819A02E814B3}"
EndProject
Project("{9A19103F-16F7-4668-BE54-9A1E7A4F7556}") = "3. New House", "3. New House\3. New House.csproj", "{D3E172B5-9624-4881-89DC-8A6507E33F74}"
EndProject
Project("{9A19103F-16F7-4668-BE54-9A1E7A4F7556}") = "4. Fishing Boat", "4. Fishing Boat\4. Fishing Boat.csproj", "{18A2E3A4-8271-4E82-80C8-655FA9C3BEA4}"
EndProject
Project("{9A19103F-16F7-4668-BE54-9A1E7A4F7556}") = "5. Journey", "5. Journey\5. Journey.csproj", "{1F59BACF-AFAB-4317-A4C8-CAA75C4D5372}"
EndProject
Project("{9A19103F-16F7-4668-BE54-9A1E7A4F7556}") = "6. Operations Between Numbers", "6. Operations Between Numbers\6. Operations Between Numbers.csproj", "{7DF0E4DD-DBC6-40C5-8F0E-281A5B5652D0}"
EndProject
Project("{9A19103F-16F7-4668-BE54-9A1E7A4F7556}") = "7. Hotel Room", "7. Hotel Room\7. Hotel Room.csproj", "{C9087010-8A1A-4C74-B813-90FF4FCCA060}"
EndProject
Project("{9A19103F-16F7-4668-BE54-9A1E7A4F7556}") = "8. On Time for the Exam", "8. On Time for the Exam\8. On Time for the Exam.csproj", "{AD6020C0-5DB7-4BEF-8577-F594259FEC26}"
EndProject
Project("{FAE04EC0-301F-11D3-BF4B-00C04F79EFBC}") = "9. Ski Trip", "9. Ski Trip\9. Ski Trip.csproj", "{E51D7DF4-4481-45D4-BD7E-F8AAE693D3F5}"
EndProject
Global
	GlobalSection(SolutionConfigurationPlatforms) = preSolution
		Debug|Any CPU = Debug|Any CPU
		Release|Any CPU = Release|Any CPU
	EndGlobalSection
	GlobalSection(ProjectConfigurationPlatforms) = postSolution
		{FE777F8B-C422-44C1-91FF-5EAADB72BA93}.Debug|Any CPU.ActiveCfg = Debug|Any CPU
		{FE777F8B-C422-44C1-91FF-5EAADB72BA93}.Debug|Any CPU.Build.0 = Debug|Any CPU
		{FE777F8B-C422-44C1-91FF-5EAADB72BA93}.Release|Any CPU.ActiveCfg = Release|Any CPU
		{FE777F8B-C422-44C1-91FF-5EAADB72BA93}.Release|Any CPU.Build.0 = Release|Any CPU
		{18DF4157-386C-4889-AA07-819A02E814B3}.Debug|Any CPU.ActiveCfg = Debug|Any CPU
		{18DF4157-386C-4889-AA07-819A02E814B3}.Debug|Any CPU.Build.0 = Debug|Any CPU
		{18DF4157-386C-4889-AA07-819A02E814B3}.Release|Any CPU.ActiveCfg = Release|Any CPU
		{18DF4157-386C-4889-AA07-819A02E814B3}.Release|Any CPU.Build.0 = Release|Any CPU
		{D3E172B5-9624-4881-89DC-8A6507E33F74}.Debug|Any CPU.ActiveCfg = Debug|Any CPU
		{D3E172B5-9624-4881-89DC-8A6507E33F74}.Debug|Any CPU.Build.0 = Debug|Any CPU
		{D3E172B5-9624-4881-89DC-8A6507E33F74}.Release|Any CPU.ActiveCfg = Release|Any CPU
		{D3E172B5-9624-4881-89DC-8A6507E33F74}.Release|Any CPU.Build.0 = Release|Any CPU
		{18A2E3A4-8271-4E82-80C8-655FA9C3BEA4}.Debug|Any CPU.ActiveCfg = Debug|Any CPU
		{18A2E3A4-8271-4E82-80C8-655FA9C3BEA4}.Debug|Any CPU.Build.0 = Debug|Any CPU
		{18A2E3A4-8271-4E82-80C8-655FA9C3BEA4}.Release|Any CPU.ActiveCfg = Release|Any CPU
		{18A2E3A4-8271-4E82-80C8-655FA9C3BEA4}.Release|Any CPU.Build.0 = Release|Any CPU
		{1F59BACF-AFAB-4317-A4C8-CAA75C4D5372}.Debug|Any CPU.ActiveCfg = Debug|Any CPU
		{1F59BACF-AFAB-4317-A4C8-CAA75C4D5372}.Debug|Any CPU.Build.0 = Debug|Any CPU
		{1F59BACF-AFAB-4317-A4C8-CAA75C4D5372}.Release|Any CPU.ActiveCfg = Release|Any CPU
		{1F59BACF-AFAB-4317-A4C8-CAA75C4D5372}.Release|Any CPU.Build.0 = Release|Any CPU
		{7DF0E4DD-DBC6-40C5-8F0E-281A5B5652D0}.Debug|Any CPU.ActiveCfg = Debug|Any CPU
		{7DF0E4DD-DBC6-40C5-8F0E-281A5B5652D0}.Debug|Any CPU.Build.0 = Debug|Any CPU
		{7DF0E4DD-DBC6-40C5-8F0E-281A5B5652D0}.Release|Any CPU.ActiveCfg = Release|Any CPU
		{7DF0E4DD-DBC6-40C5-8F0E-281A5B5652D0}.Release|Any CPU.Build.0 = Release|Any CPU
		{C9087010-8A1A-4C74-B813-90FF4FCCA060}.Debug|Any CPU.ActiveCfg = Debug|Any CPU
		{C9087010-8A1A-4C74-B813-90FF4FCCA060}.Debug|Any CPU.Build.0 = Debug|Any CPU
		{C9087010-8A1A-4C74-B813-90FF4FCCA060}.Release|Any CPU.ActiveCfg = Release|Any CPU
		{C9087010-8A1A-4C74-B813-90FF4FCCA060}.Release|Any CPU.Build.0 = Release|Any CPU
		{AD6020C0-5DB7-4BEF-8577-F594259FEC26}.Debug|Any CPU.ActiveCfg = Debug|Any CPU
		{AD6020C0-5DB7-4BEF-8577-F594259FEC26}.Debug|Any CPU.Build.0 = Debug|Any CPU
		{AD6020C0-5DB7-4BEF-8577-F594259FEC26}.Release|Any CPU.ActiveCfg = Release|Any CPU
		{AD6020C0-5DB7-4BEF-8577-F594259FEC26}.Release|Any CPU.Build.0 = Release|Any CPU
		{E51D7DF4-4481-45D4-BD7E-F8AAE693D3F5}.Debug|Any CPU.ActiveCfg = Debug|Any CPU
		{E51D7DF4-4481-45D4-BD7E-F8AAE693D3F5}.Debug|Any CPU.Build.0 = Debug|Any CPU
		{E51D7DF4-4481-45D4-BD7E-F8AAE693D3F5}.Release|Any CPU.ActiveCfg = Release|Any CPU
		{E51D7DF4-4481-45D4-BD7E-F8AAE693D3F5}.Release|Any CPU.Build.0 = Release|Any CPU
	EndGlobalSection
	GlobalSection(SolutionProperties) = preSolution
		HideSolutionNode = FALSE
	EndGlobalSection
	GlobalSection(ExtensibilityGlobals) = postSolution
		SolutionGuid = {C1B05638-F41A-40D5-ABFB-0BA118F2B33C}
	EndGlobalSection
EndGlobal
